// !$*UTF8*$!
{
	archiveVersion = 1;
	classes = {
	};
	objectVersion = 50;
	objects = {

/* Begin PBXBuildFile section */
		06393E2B24E195040037C3EE /* AppDelegate.swift in Sources */ = {isa = PBXBuildFile; fileRef = 06393E2A24E195040037C3EE /* AppDelegate.swift */; };
		06393E2D24E195040037C3EE /* SceneDelegate.swift in Sources */ = {isa = PBXBuildFile; fileRef = 06393E2C24E195040037C3EE /* SceneDelegate.swift */; };
		06393E2F24E195040037C3EE /* ViewController.swift in Sources */ = {isa = PBXBuildFile; fileRef = 06393E2E24E195040037C3EE /* ViewController.swift */; };
		06393E3224E195040037C3EE /* Main.storyboard in Resources */ = {isa = PBXBuildFile; fileRef = 06393E3024E195040037C3EE /* Main.storyboard */; };
		06393E3424E195070037C3EE /* Assets.xcassets in Resources */ = {isa = PBXBuildFile; fileRef = 06393E3324E195070037C3EE /* Assets.xcassets */; };
		06393E3724E195070037C3EE /* LaunchScreen.storyboard in Resources */ = {isa = PBXBuildFile; fileRef = 06393E3524E195070037C3EE /* LaunchScreen.storyboard */; };
		06393E3F24E196290037C3EE /* MenuViewController.swift in Sources */ = {isa = PBXBuildFile; fileRef = 06393E3E24E196290037C3EE /* MenuViewController.swift */; };
		06393E4424E199850037C3EE /* ProductCell.swift in Sources */ = {isa = PBXBuildFile; fileRef = 06393E4224E199850037C3EE /* ProductCell.swift */; };
		06393E4524E199850037C3EE /* ProductCell.xib in Resources */ = {isa = PBXBuildFile; fileRef = 06393E4324E199850037C3EE /* ProductCell.xib */; };
		06393E4724E1C8890037C3EE /* Menu.swift in Sources */ = {isa = PBXBuildFile; fileRef = 06393E4624E1C8890037C3EE /* Menu.swift */; };
/* End PBXBuildFile section */

/* Begin PBXFileReference section */
		06393E2724E195040037C3EE /* OnlineShop.app */ = {isa = PBXFileReference; explicitFileType = wrapper.application; includeInIndex = 0; path = OnlineShop.app; sourceTree = BUILT_PRODUCTS_DIR; };
		06393E2A24E195040037C3EE /* AppDelegate.swift */ = {isa = PBXFileReference; lastKnownFileType = sourcecode.swift; path = AppDelegate.swift; sourceTree = "<group>"; };
		06393E2C24E195040037C3EE /* SceneDelegate.swift */ = {isa = PBXFileReference; lastKnownFileType = sourcecode.swift; path = SceneDelegate.swift; sourceTree = "<group>"; };
		06393E2E24E195040037C3EE /* ViewController.swift */ = {isa = PBXFileReference; lastKnownFileType = sourcecode.swift; path = ViewController.swift; sourceTree = "<group>"; };
		06393E3124E195040037C3EE /* Base */ = {isa = PBXFileReference; lastKnownFileType = file.storyboard; name = Base; path = Base.lproj/Main.storyboard; sourceTree = "<group>"; };
		06393E3324E195070037C3EE /* Assets.xcassets */ = {isa = PBXFileReference; lastKnownFileType = folder.assetcatalog; path = Assets.xcassets; sourceTree = "<group>"; };
		06393E3624E195070037C3EE /* Base */ = {isa = PBXFileReference; lastKnownFileType = file.storyboard; name = Base; path = Base.lproj/LaunchScreen.storyboard; sourceTree = "<group>"; };
		06393E3824E195070037C3EE /* Info.plist */ = {isa = PBXFileReference; lastKnownFileType = text.plist.xml; path = Info.plist; sourceTree = "<group>"; };
		06393E3E24E196290037C3EE /* MenuViewController.swift */ = {isa = PBXFileReference; lastKnownFileType = sourcecode.swift; path = MenuViewController.swift; sourceTree = "<group>"; };
		06393E4224E199850037C3EE /* ProductCell.swift */ = {isa = PBXFileReference; lastKnownFileType = sourcecode.swift; path = ProductCell.swift; sourceTree = "<group>"; };
		06393E4324E199850037C3EE /* ProductCell.xib */ = {isa = PBXFileReference; lastKnownFileType = file.xib; path = ProductCell.xib; sourceTree = "<group>"; };
		06393E4624E1C8890037C3EE /* Menu.swift */ = {isa = PBXFileReference; lastKnownFileType = sourcecode.swift; path = Menu.swift; sourceTree = "<group>"; };
/* End PBXFileReference section */

/* Begin PBXFrameworksBuildPhase section */
		06393E2424E195040037C3EE /* Frameworks */ = {
			isa = PBXFrameworksBuildPhase;
			buildActionMask = 2147483647;
			files = (
			);
			runOnlyForDeploymentPostprocessing = 0;
		};
/* End PBXFrameworksBuildPhase section */

/* Begin PBXGroup section */
		06393E1E24E195040037C3EE = {
			isa = PBXGroup;
			children = (
				06393E2924E195040037C3EE /* OnlineShop */,
				06393E2824E195040037C3EE /* Products */,
			);
			sourceTree = "<group>";
		};
		06393E2824E195040037C3EE /* Products */ = {
			isa = PBXGroup;
			children = (
				06393E2724E195040037C3EE /* OnlineShop.app */,
			);
			name = Products;
			sourceTree = "<group>";
		};
		06393E2924E195040037C3EE /* OnlineShop */ = {
			isa = PBXGroup;
			children = (
				06393E4124E1992F0037C3EE /* MenuCells */,
				06393E2A24E195040037C3EE /* AppDelegate.swift */,
				06393E2C24E195040037C3EE /* SceneDelegate.swift */,
				06393E2E24E195040037C3EE /* ViewController.swift */,
				06393E3024E195040037C3EE /* Main.storyboard */,
				06393E3324E195070037C3EE /* Assets.xcassets */,
				06393E3524E195070037C3EE /* LaunchScreen.storyboard */,
				06393E3824E195070037C3EE /* Info.plist */,
				06393E3E24E196290037C3EE /* MenuViewController.swift */,
				06393E4624E1C8890037C3EE /* Menu.swift */,
			);
			path = OnlineShop;
			sourceTree = "<group>";
		};
		06393E4124E1992F0037C3EE /* MenuCells */ = {
			isa = PBXGroup;
			children = (
				06393E4224E199850037C3EE /* ProductCell.swift */,
				06393E4324E199850037C3EE /* ProductCell.xib */,
			);
			path = MenuCells;
			sourceTree = "<group>";
		};
/* End PBXGroup section */

/* Begin PBXNativeTarget section */
		06393E2624E195040037C3EE /* OnlineShop */ = {
			isa = PBXNativeTarget;
			buildConfigurationList = 06393E3B24E195070037C3EE /* Build configuration list for PBXNativeTarget "OnlineShop" */;
			buildPhases = (
				06393E2324E195040037C3EE /* Sources */,
				06393E2424E195040037C3EE /* Frameworks */,
				06393E2524E195040037C3EE /* Resources */,
			);
			buildRules = (
			);
			dependencies = (
			);
			name = OnlineShop;
			productName = OnlineShop;
			productReference = 06393E2724E195040037C3EE /* OnlineShop.app */;
			productType = "com.apple.product-type.application";
		};
/* End PBXNativeTarget section */

/* Begin PBXProject section */
		06393E1F24E195040037C3EE /* Project object */ = {
			isa = PBXProject;
			attributes = {
				LastSwiftUpdateCheck = 1150;
				LastUpgradeCheck = 1150;
				ORGANIZATIONNAME = Tleugazy;
				TargetAttributes = {
					06393E2624E195040037C3EE = {
						CreatedOnToolsVersion = 11.5;
					};
				};
			};
			buildConfigurationList = 06393E2224E195040037C3EE /* Build configuration list for PBXProject "OnlineShop" */;
			compatibilityVersion = "Xcode 9.3";
			developmentRegion = en;
			hasScannedForEncodings = 0;
			knownRegions = (
				en,
				Base,
			);
			mainGroup = 06393E1E24E195040037C3EE;
			productRefGroup = 06393E2824E195040037C3EE /* Products */;
			projectDirPath = "";
			projectRoot = "";
			targets = (
				06393E2624E195040037C3EE /* OnlineShop */,
			);
		};
/* End PBXProject section */

/* Begin PBXResourcesBuildPhase section */
		06393E2524E195040037C3EE /* Resources */ = {
			isa = PBXResourcesBuildPhase;
			buildActionMask = 2147483647;
			files = (
				06393E3724E195070037C3EE /* LaunchScreen.storyboard in Resources */,
				06393E4524E199850037C3EE /* ProductCell.xib in Resources */,
				06393E3424E195070037C3EE /* Assets.xcassets in Resources */,
				06393E3224E195040037C3EE /* Main.storyboard in Resources */,
			);
			runOnlyForDeploymentPostprocessing = 0;
		};
/* End PBXResourcesBuildPhase section */

/* Begin PBXSourcesBuildPhase section */
		06393E2324E195040037C3EE /* Sources */ = {
			isa = PBXSourcesBuildPhase;
			buildActionMask = 2147483647;
			files = (
				06393E4724E1C8890037C3EE /* Menu.swift in Sources */,
				06393E2F24E195040037C3EE /* ViewController.swift in Sources */,
				06393E2B24E195040037C3EE /* AppDelegate.swift in Sources */,
				06393E4424E199850037C3EE /* ProductCell.swift in Sources */,
				06393E2D24E195040037C3EE /* SceneDelegate.swift in Sources */,
				06393E3F24E196290037C3EE /* MenuViewController.swift in Sources */,
			);
			runOnlyForDeploymentPostprocessing = 0;
		};
/* End PBXSourcesBuildPhase section */

/* Begin PBXVariantGroup section */
		06393E3024E195040037C3EE /* Main.storyboard */ = {
			isa = PBXVariantGroup;
			children = (
				06393E3124E195040037C3EE /* Base */,
			);
			name = Main.storyboard;
			sourceTree = "<group>";
		};
		06393E3524E195070037C3EE /* LaunchScreen.storyboard */ = {
			isa = PBXVariantGroup;
			children = (
				06393E3624E195070037C3EE /* Base */,
			);
			name = LaunchScreen.storyboard;
			sourceTree = "<group>";
		};
/* End PBXVariantGroup section */

/* Begin XCBuildConfiguration section */
		06393E3924E195070037C3EE /* Debug */ = {
			isa = XCBuildConfiguration;
			buildSettings = {
				ALWAYS_SEARCH_USER_PATHS = NO;
				CLANG_ANALYZER_NONNULL = YES;
				CLANG_ANALYZER_NUMBER_OBJECT_CONVERSION = YES_AGGRESSIVE;
				CLANG_CXX_LANGUAGE_STANDARD = "gnu++14";
				CLANG_CXX_LIBRARY = "libc++";
				CLANG_ENABLE_MODULES = YES;
				CLANG_ENABLE_OBJC_ARC = YES;
				CLANG_ENABLE_OBJC_WEAK = YES;
				CLANG_WARN_BLOCK_CAPTURE_AUTORELEASING = YES;
				CLANG_WARN_BOOL_CONVERSION = YES;
				CLANG_WARN_COMMA = YES;
				CLANG_WARN_CONSTANT_CONVERSION = YES;
				CLANG_WARN_DEPRECATED_OBJC_IMPLEMENTATIONS = YES;
				CLANG_WARN_DIRECT_OBJC_ISA_USAGE = YES_ERROR;
				CLANG_WARN_DOCUMENTATION_COMMENTS = YES;
				CLANG_WARN_EMPTY_BODY = YES;
				CLANG_WARN_ENUM_CONVERSION = YES;
				CLANG_WARN_INFINITE_RECURSION = YES;
				CLANG_WARN_INT_CONVERSION = YES;
				CLANG_WARN_NON_LITERAL_NULL_CONVERSION = YES;
				CLANG_WARN_OBJC_IMPLICIT_RETAIN_SELF = YES;
				CLANG_WARN_OBJC_LITERAL_CONVERSION = YES;
				CLANG_WARN_OBJC_ROOT_CLASS = YES_ERROR;
				CLANG_WARN_RANGE_LOOP_ANALYSIS = YES;
				CLANG_WARN_STRICT_PROTOTYPES = YES;
				CLANG_WARN_SUSPICIOUS_MOVE = YES;
				CLANG_WARN_UNGUARDED_AVAILABILITY = YES_AGGRESSIVE;
				CLANG_WARN_UNREACHABLE_CODE = YES;
				CLANG_WARN__DUPLICATE_METHOD_MATCH = YES;
				COPY_PHASE_STRIP = NO;
				DEBUG_INFORMATION_FORMAT = dwarf;
				ENABLE_STRICT_OBJC_MSGSEND = YES;
				ENABLE_TESTABILITY = YES;
				GCC_C_LANGUAGE_STANDARD = gnu11;
				GCC_DYNAMIC_NO_PIC = NO;
				GCC_NO_COMMON_BLOCKS = YES;
				GCC_OPTIMIZATION_LEVEL = 0;
				GCC_PREPROCESSOR_DEFINITIONS = (
					"DEBUG=1",
					"$(inherited)",
				);
				GCC_WARN_64_TO_32_BIT_CONVERSION = YES;
				GCC_WARN_ABOUT_RETURN_TYPE = YES_ERROR;
				GCC_WARN_UNDECLARED_SELECTOR = YES;
				GCC_WARN_UNINITIALIZED_AUTOS = YES_AGGRESSIVE;
				GCC_WARN_UNUSED_FUNCTION = YES;
				GCC_WARN_UNUSED_VARIABLE = YES;
				IPHONEOS_DEPLOYMENT_TARGET = 13.5;
				MTL_ENABLE_DEBUG_INFO = INCLUDE_SOURCE;
				MTL_FAST_MATH = YES;
				ONLY_ACTIVE_ARCH = YES;
				SDKROOT = iphoneos;
				SWIFT_ACTIVE_COMPILATION_CONDITIONS = DEBUG;
				SWIFT_OPTIMIZATION_LEVEL = "-Onone";
			};
			name = Debug;
		};
		06393E3A24E195070037C3EE /* Release */ = {
			isa = XCBuildConfiguration;
			buildSettings = {
				ALWAYS_SEARCH_USER_PATHS = NO;
				CLANG_ANALYZER_NONNULL = YES;
				CLANG_ANALYZER_NUMBER_OBJECT_CONVERSION = YES_AGGRESSIVE;
				CLANG_CXX_LANGUAGE_STANDARD = "gnu++14";
				CLANG_CXX_LIBRARY = "libc++";
				CLANG_ENABLE_MODULES = YES;
				CLANG_ENABLE_OBJC_ARC = YES;
				CLANG_ENABLE_OBJC_WEAK = YES;
				CLANG_WARN_BLOCK_CAPTURE_AUTORELEASING = YES;
				CLANG_WARN_BOOL_CONVERSION = YES;
				CLANG_WARN_COMMA = YES;
				CLANG_WARN_CONSTANT_CONVERSION = YES;
				CLANG_WARN_DEPRECATED_OBJC_IMPLEMENTATIONS = YES;
				CLANG_WARN_DIRECT_OBJC_ISA_USAGE = YES_ERROR;
				CLANG_WARN_DOCUMENTATION_COMMENTS = YES;
				CLANG_WARN_EMPTY_BODY = YES;
				CLANG_WARN_ENUM_CONVERSION = YES;
				CLANG_WARN_INFINITE_RECURSION = YES;
				CLANG_WARN_INT_CONVERSION = YES;
				CLANG_WARN_NON_LITERAL_NULL_CONVERSION = YES;
				CLANG_WARN_OBJC_IMPLICIT_RETAIN_SELF = YES;
				CLANG_WARN_OBJC_LITERAL_CONVERSION = YES;
				CLANG_WARN_OBJC_ROOT_CLASS = YES_ERROR;
				CLANG_WARN_RANGE_LOOP_ANALYSIS = YES;
				CLANG_WARN_STRICT_PROTOTYPES = YES;
				CLANG_WARN_SUSPICIOUS_MOVE = YES;
				CLANG_WARN_UNGUARDED_AVAILABILITY = YES_AGGRESSIVE;
				CLANG_WARN_UNREACHABLE_CODE = YES;
				CLANG_WARN__DUPLICATE_METHOD_MATCH = YES;
				COPY_PHASE_STRIP = NO;
				DEBUG_INFORMATION_FORMAT = "dwarf-with-dsym";
				ENABLE_NS_ASSERTIONS = NO;
				ENABLE_STRICT_OBJC_MSGSEND = YES;
				GCC_C_LANGUAGE_STANDARD = gnu11;
				GCC_NO_COMMON_BLOCKS = YES;
				GCC_WARN_64_TO_32_BIT_CONVERSION = YES;
				GCC_WARN_ABOUT_RETURN_TYPE = YES_ERROR;
				GCC_WARN_UNDECLARED_SELECTOR = YES;
				GCC_WARN_UNINITIALIZED_AUTOS = YES_AGGRESSIVE;
				GCC_WARN_UNUSED_FUNCTION = YES;
				GCC_WARN_UNUSED_VARIABLE = YES;
				IPHONEOS_DEPLOYMENT_TARGET = 13.5;
				MTL_ENABLE_DEBUG_INFO = NO;
				MTL_FAST_MATH = YES;
				SDKROOT = iphoneos;
				SWIFT_COMPILATION_MODE = wholemodule;
				SWIFT_OPTIMIZATION_LEVEL = "-O";
				VALIDATE_PRODUCT = YES;
			};
			name = Release;
		};
		06393E3C24E195070037C3EE /* Debug */ = {
			isa = XCBuildConfiguration;
			buildSettings = {
				ASSETCATALOG_COMPILER_APPICON_NAME = AppIcon;
				CODE_SIGN_STYLE = Automatic;
				INFOPLIST_FILE = OnlineShop/Info.plist;
				LD_RUNPATH_SEARCH_PATHS = (
					"$(inherited)",
					"@executable_path/Frameworks",
				);
				PRODUCT_BUNDLE_IDENTIFIER = com.test.OnlineShop;
				PRODUCT_NAME = "$(TARGET_NAME)";
				SWIFT_VERSION = 5.0;
				TARGETED_DEVICE_FAMILY = "1,2";
			};
			name = Debug;
		};
		06393E3D24E195070037C3EE /* Release */ = {
			isa = XCBuildConfiguration;
			buildSettings = {
				ASSETCATALOG_COMPILER_APPICON_NAME = AppIcon;
				CODE_SIGN_STYLE = Automatic;
				INFOPLIST_FILE = OnlineShop/Info.plist;
				LD_RUNPATH_SEARCH_PATHS = (
					"$(inherited)",
					"@executable_path/Frameworks",
				);
				PRODUCT_BUNDLE_IDENTIFIER = com.test.OnlineShop;
				PRODUCT_NAME = "$(TARGET_NAME)";
				SWIFT_VERSION = 5.0;
				TARGETED_DEVICE_FAMILY = "1,2";
			};
			name = Release;
		};
/* End XCBuildConfiguration section */

/* Begin XCConfigurationList section */
		06393E2224E195040037C3EE /* Build configuration list for PBXProject "OnlineShop" */ = {
			isa = XCConfigurationList;
			buildConfigurations = (
				06393E3924E195070037C3EE /* Debug */,
				06393E3A24E195070037C3EE /* Release */,
			);
			defaultConfigurationIsVisible = 0;
			defaultConfigurationName = Release;
		};
		06393E3B24E195070037C3EE /* Build configuration list for PBXNativeTarget "OnlineShop" */ = {
			isa = XCConfigurationList;
			buildConfigurations = (
				06393E3C24E195070037C3EE /* Debug */,
				06393E3D24E195070037C3EE /* Release */,
			);
			defaultConfigurationIsVisible = 0;
			defaultConfigurationName = Release;
		};
/* End XCConfigurationList section */
	};
	rootObject = 06393E1F24E195040037C3EE /* Project object */;
}
